
Microsoft Visual Studio Solution File, Format Version 12.00
Project("{FAE04EC0-301F-11D3-BF4B-00C04F79EFBC}") = "Calculator", "Calculator\Calculator.csproj", "{EB840F35-3E03-4588-8BBF-02CE7CBF0D2A}"
EndProject
Project("{FAE04EC0-301F-11D3-BF4B-00C04F79EFBC}") = "CalculatorUnitTest", "CalculatorUnitTest\CalculatorUnitTest.csproj", "{8F27FB3A-60ED-4980-AAAA-23F2067154F2}"
EndProject
Global
	GlobalSection(SolutionConfigurationPlatforms) = preSolution
		Debug|Any CPU = Debug|Any CPU
		Release|Any CPU = Release|Any CPU
	EndGlobalSection
	GlobalSection(ProjectConfigurationPlatforms) = postSolution
		{EB840F35-3E03-4588-8BBF-02CE7CBF0D2A}.Debug|Any CPU.ActiveCfg = Debug|Any CPU
		{EB840F35-3E03-4588-8BBF-02CE7CBF0D2A}.Debug|Any CPU.Build.0 = Debug|Any CPU
		{EB840F35-3E03-4588-8BBF-02CE7CBF0D2A}.Release|Any CPU.ActiveCfg = Release|Any CPU
		{EB840F35-3E03-4588-8BBF-02CE7CBF0D2A}.Release|Any CPU.Build.0 = Release|Any CPU
		{8F27FB3A-60ED-4980-AAAA-23F2067154F2}.Debug|Any CPU.ActiveCfg = Debug|Any CPU
		{8F27FB3A-60ED-4980-AAAA-23F2067154F2}.Debug|Any CPU.Build.0 = Debug|Any CPU
		{8F27FB3A-60ED-4980-AAAA-23F2067154F2}.Release|Any CPU.ActiveCfg = Release|Any CPU
		{8F27FB3A-60ED-4980-AAAA-23F2067154F2}.Release|Any CPU.Build.0 = Release|Any CPU
	EndGlobalSection
EndGlobal
